// !$*UTF8*$!
{
	archiveVersion = 1;
	classes = {
	};
	objectVersion = 56;
	objects = {

/* Begin PBXBuildFile section */
		956939692C140818005A95DA /* RemoteRequestAppApp.swift in Sources */ = {isa = PBXBuildFile; fileRef = 956939682C140818005A95DA /* RemoteRequestAppApp.swift */; };
		9569396B2C140818005A95DA /* MainScreenView.swift in Sources */ = {isa = PBXBuildFile; fileRef = 9569396A2C140818005A95DA /* MainScreenView.swift */; };
		9569396D2C14081A005A95DA /* Assets.xcassets in Resources */ = {isa = PBXBuildFile; fileRef = 9569396C2C14081A005A95DA /* Assets.xcassets */; };
		956939702C14081A005A95DA /* Preview Assets.xcassets in Resources */ = {isa = PBXBuildFile; fileRef = 9569396F2C14081A005A95DA /* Preview Assets.xcassets */; };
		956939782C140B5F005A95DA /* Localizable.xcstrings in Resources */ = {isa = PBXBuildFile; fileRef = 956939772C140B5F005A95DA /* Localizable.xcstrings */; };
		956939872C1414D8005A95DA /* MainScreenViewModel.swift in Sources */ = {isa = PBXBuildFile; fileRef = 956939862C1414D8005A95DA /* MainScreenViewModel.swift */; };
		956939892C141A03005A95DA /* CodeGenerateService.swift in Sources */ = {isa = PBXBuildFile; fileRef = 956939882C141A03005A95DA /* CodeGenerateService.swift */; };
		9569398C2C1422E3005A95DA /* CodeGenerateResultModel.swift in Sources */ = {isa = PBXBuildFile; fileRef = 9569398B2C1422E3005A95DA /* CodeGenerateResultModel.swift */; };
		9569398E2C142354005A95DA /* CodeGenerateParams.swift in Sources */ = {isa = PBXBuildFile; fileRef = 9569398D2C142354005A95DA /* CodeGenerateParams.swift */; };
		956939902C142BE8005A95DA /* CodeFileModel.swift in Sources */ = {isa = PBXBuildFile; fileRef = 9569398F2C142BE8005A95DA /* CodeFileModel.swift */; };
		95AD62282C169C7E008A8E8F /* HTTPMethod.swift in Sources */ = {isa = PBXBuildFile; fileRef = 95AD62272C169C7E008A8E8F /* HTTPMethod.swift */; };
/* End PBXBuildFile section */

/* Begin PBXFileReference section */
		956939652C140818005A95DA /* RemoteRequestApp.app */ = {isa = PBXFileReference; explicitFileType = wrapper.application; includeInIndex = 0; path = RemoteRequestApp.app; sourceTree = BUILT_PRODUCTS_DIR; };
		956939682C140818005A95DA /* RemoteRequestAppApp.swift */ = {isa = PBXFileReference; lastKnownFileType = sourcecode.swift; path = RemoteRequestAppApp.swift; sourceTree = "<group>"; };
		9569396A2C140818005A95DA /* MainScreenView.swift */ = {isa = PBXFileReference; lastKnownFileType = sourcecode.swift; path = MainScreenView.swift; sourceTree = "<group>"; };
		9569396C2C14081A005A95DA /* Assets.xcassets */ = {isa = PBXFileReference; lastKnownFileType = folder.assetcatalog; path = Assets.xcassets; sourceTree = "<group>"; };
		9569396F2C14081A005A95DA /* Preview Assets.xcassets */ = {isa = PBXFileReference; lastKnownFileType = folder.assetcatalog; path = "Preview Assets.xcassets"; sourceTree = "<group>"; };
		956939712C14081A005A95DA /* RemoteRequestApp.entitlements */ = {isa = PBXFileReference; lastKnownFileType = text.plist.entitlements; path = RemoteRequestApp.entitlements; sourceTree = "<group>"; };
		956939772C140B5F005A95DA /* Localizable.xcstrings */ = {isa = PBXFileReference; lastKnownFileType = text.json.xcstrings; path = Localizable.xcstrings; sourceTree = "<group>"; };
		956939862C1414D8005A95DA /* MainScreenViewModel.swift */ = {isa = PBXFileReference; lastKnownFileType = sourcecode.swift; path = MainScreenViewModel.swift; sourceTree = "<group>"; };
		956939882C141A03005A95DA /* CodeGenerateService.swift */ = {isa = PBXFileReference; lastKnownFileType = sourcecode.swift; path = CodeGenerateService.swift; sourceTree = "<group>"; };
		9569398B2C1422E3005A95DA /* CodeGenerateResultModel.swift */ = {isa = PBXFileReference; lastKnownFileType = sourcecode.swift; path = CodeGenerateResultModel.swift; sourceTree = "<group>"; };
		9569398D2C142354005A95DA /* CodeGenerateParams.swift */ = {isa = PBXFileReference; lastKnownFileType = sourcecode.swift; path = CodeGenerateParams.swift; sourceTree = "<group>"; };
		9569398F2C142BE8005A95DA /* CodeFileModel.swift */ = {isa = PBXFileReference; lastKnownFileType = sourcecode.swift; path = CodeFileModel.swift; sourceTree = "<group>"; };
		95AD62272C169C7E008A8E8F /* HTTPMethod.swift */ = {isa = PBXFileReference; lastKnownFileType = sourcecode.swift; path = HTTPMethod.swift; sourceTree = "<group>"; };
/* End PBXFileReference section */

/* Begin PBXFrameworksBuildPhase section */
		956939622C140818005A95DA /* Frameworks */ = {
			isa = PBXFrameworksBuildPhase;
			buildActionMask = 2147483647;
			files = (
			);
			runOnlyForDeploymentPostprocessing = 0;
		};
/* End PBXFrameworksBuildPhase section */

/* Begin PBXGroup section */
		9569395C2C140818005A95DA = {
			isa = PBXGroup;
			children = (
				956939672C140818005A95DA /* RemoteRequestApp */,
				956939662C140818005A95DA /* Products */,
			);
			sourceTree = "<group>";
		};
		956939662C140818005A95DA /* Products */ = {
			isa = PBXGroup;
			children = (
				956939652C140818005A95DA /* RemoteRequestApp.app */,
			);
			name = Products;
			sourceTree = "<group>";
		};
		956939672C140818005A95DA /* RemoteRequestApp */ = {
			isa = PBXGroup;
			children = (
				956939792C140F93005A95DA /* Application */,
				9569397A2C140F9A005A95DA /* Data */,
				9569397B2C140FA4005A95DA /* Presentation */,
				9569397C2C140FAF005A95DA /* Services */,
				9569397D2C140FB3005A95DA /* Support */,
				956939712C14081A005A95DA /* RemoteRequestApp.entitlements */,
				9569396E2C14081A005A95DA /* Preview Content */,
			);
			path = RemoteRequestApp;
			sourceTree = "<group>";
		};
		9569396E2C14081A005A95DA /* Preview Content */ = {
			isa = PBXGroup;
			children = (
				9569396F2C14081A005A95DA /* Preview Assets.xcassets */,
			);
			path = "Preview Content";
			sourceTree = "<group>";
		};
		956939792C140F93005A95DA /* Application */ = {
			isa = PBXGroup;
			children = (
				9569397F2C141200005A95DA /* Assets */,
				9569397E2C1411F9005A95DA /* Localization */,
				956939802C141482005A95DA /* Extensions */,
			);
			path = Application;
			sourceTree = "<group>";
		};
		9569397A2C140F9A005A95DA /* Data */ = {
			isa = PBXGroup;
			children = (
				9569398A2C1422D6005A95DA /* CodeGenModels */,
				95AD62272C169C7E008A8E8F /* HTTPMethod.swift */,
			);
			path = Data;
			sourceTree = "<group>";
		};
		9569397B2C140FA4005A95DA /* Presentation */ = {
			isa = PBXGroup;
			children = (
				956939812C1414AB005A95DA /* Components */,
				956939822C1414B1005A95DA /* Flow */,
			);
			path = Presentation;
			sourceTree = "<group>";
		};
		9569397C2C140FAF005A95DA /* Services */ = {
			isa = PBXGroup;
			children = (
				956939882C141A03005A95DA /* CodeGenerateService.swift */,
			);
			path = Services;
			sourceTree = "<group>";
		};
		9569397D2C140FB3005A95DA /* Support */ = {
			isa = PBXGroup;
			children = (
				956939682C140818005A95DA /* RemoteRequestAppApp.swift */,
			);
			path = Support;
			sourceTree = "<group>";
		};
		9569397E2C1411F9005A95DA /* Localization */ = {
			isa = PBXGroup;
			children = (
				956939772C140B5F005A95DA /* Localizable.xcstrings */,
			);
			path = Localization;
			sourceTree = "<group>";
		};
		9569397F2C141200005A95DA /* Assets */ = {
			isa = PBXGroup;
			children = (
				9569396C2C14081A005A95DA /* Assets.xcassets */,
			);
			path = Assets;
			sourceTree = "<group>";
		};
		956939802C141482005A95DA /* Extensions */ = {
			isa = PBXGroup;
			children = (
			);
			path = Extensions;
			sourceTree = "<group>";
		};
		956939812C1414AB005A95DA /* Components */ = {
			isa = PBXGroup;
			children = (
			);
			path = Components;
			sourceTree = "<group>";
		};
		956939822C1414B1005A95DA /* Flow */ = {
			isa = PBXGroup;
			children = (
				956939852C1414CD005A95DA /* Main Flow */,
			);
			path = Flow;
			sourceTree = "<group>";
		};
		956939852C1414CD005A95DA /* Main Flow */ = {
			isa = PBXGroup;
			children = (
				9569396A2C140818005A95DA /* MainScreenView.swift */,
				956939862C1414D8005A95DA /* MainScreenViewModel.swift */,
			);
			path = "Main Flow";
			sourceTree = "<group>";
		};
		9569398A2C1422D6005A95DA /* CodeGenModels */ = {
			isa = PBXGroup;
			children = (
				9569398B2C1422E3005A95DA /* CodeGenerateResultModel.swift */,
				9569398D2C142354005A95DA /* CodeGenerateParams.swift */,
				9569398F2C142BE8005A95DA /* CodeFileModel.swift */,
			);
			path = CodeGenModels;
			sourceTree = "<group>";
		};
/* End PBXGroup section */

/* Begin PBXNativeTarget section */
		956939642C140818005A95DA /* RemoteRequestApp */ = {
			isa = PBXNativeTarget;
			buildConfigurationList = 956939742C14081A005A95DA /* Build configuration list for PBXNativeTarget "RemoteRequestApp" */;
			buildPhases = (
				956939612C140818005A95DA /* Sources */,
				956939622C140818005A95DA /* Frameworks */,
				956939632C140818005A95DA /* Resources */,
			);
			buildRules = (
			);
			dependencies = (
			);
			name = RemoteRequestApp;
			packageProductDependencies = (
			);
			productName = RemoteRequestApp;
			productReference = 956939652C140818005A95DA /* RemoteRequestApp.app */;
			productType = "com.apple.product-type.application";
		};
/* End PBXNativeTarget section */

/* Begin PBXProject section */
		9569395D2C140818005A95DA /* Project object */ = {
			isa = PBXProject;
			attributes = {
				BuildIndependentTargetsInParallel = 1;
				LastSwiftUpdateCheck = 1520;
				LastUpgradeCheck = 1520;
				TargetAttributes = {
					956939642C140818005A95DA = {
						CreatedOnToolsVersion = 15.2;
					};
				};
			};
			buildConfigurationList = 956939602C140818005A95DA /* Build configuration list for PBXProject "RemoteRequestApp" */;
			compatibilityVersion = "Xcode 14.0";
			developmentRegion = en;
			hasScannedForEncodings = 0;
			knownRegions = (
				en,
				Base,
				ru,
			);
			mainGroup = 9569395C2C140818005A95DA;
			packageReferences = (
			);
			productRefGroup = 956939662C140818005A95DA /* Products */;
			projectDirPath = "";
			projectRoot = "";
			targets = (
				956939642C140818005A95DA /* RemoteRequestApp */,
			);
		};
/* End PBXProject section */

/* Begin PBXResourcesBuildPhase section */
		956939632C140818005A95DA /* Resources */ = {
			isa = PBXResourcesBuildPhase;
			buildActionMask = 2147483647;
			files = (
				956939702C14081A005A95DA /* Preview Assets.xcassets in Resources */,
				9569396D2C14081A005A95DA /* Assets.xcassets in Resources */,
				956939782C140B5F005A95DA /* Localizable.xcstrings in Resources */,
			);
			runOnlyForDeploymentPostprocessing = 0;
		};
/* End PBXResourcesBuildPhase section */

/* Begin PBXSourcesBuildPhase section */
		956939612C140818005A95DA /* Sources */ = {
			isa = PBXSourcesBuildPhase;
			buildActionMask = 2147483647;
			files = (
				9569396B2C140818005A95DA /* MainScreenView.swift in Sources */,
				956939692C140818005A95DA /* RemoteRequestAppApp.swift in Sources */,
				956939872C1414D8005A95DA /* MainScreenViewModel.swift in Sources */,
				9569398C2C1422E3005A95DA /* CodeGenerateResultModel.swift in Sources */,
				95AD62282C169C7E008A8E8F /* HTTPMethod.swift in Sources */,
				956939892C141A03005A95DA /* CodeGenerateService.swift in Sources */,
				956939902C142BE8005A95DA /* CodeFileModel.swift in Sources */,
				9569398E2C142354005A95DA /* CodeGenerateParams.swift in Sources */,
			);
			runOnlyForDeploymentPostprocessing = 0;
		};
/* End PBXSourcesBuildPhase section */

/* Begin XCBuildConfiguration section */
		956939722C14081A005A95DA /* Debug */ = {
			isa = XCBuildConfiguration;
			buildSettings = {
				ALWAYS_SEARCH_USER_PATHS = NO;
				ASSETCATALOG_COMPILER_GENERATE_SWIFT_ASSET_SYMBOL_EXTENSIONS = YES;
				CLANG_ANALYZER_NONNULL = YES;
				CLANG_ANALYZER_NUMBER_OBJECT_CONVERSION = YES_AGGRESSIVE;
				CLANG_CXX_LANGUAGE_STANDARD = "gnu++20";
				CLANG_ENABLE_MODULES = YES;
				CLANG_ENABLE_OBJC_ARC = YES;
				CLANG_ENABLE_OBJC_WEAK = YES;
				CLANG_WARN_BLOCK_CAPTURE_AUTORELEASING = YES;
				CLANG_WARN_BOOL_CONVERSION = YES;
				CLANG_WARN_COMMA = YES;
				CLANG_WARN_CONSTANT_CONVERSION = YES;
				CLANG_WARN_DEPRECATED_OBJC_IMPLEMENTATIONS = YES;
				CLANG_WARN_DIRECT_OBJC_ISA_USAGE = YES_ERROR;
				CLANG_WARN_DOCUMENTATION_COMMENTS = YES;
				CLANG_WARN_EMPTY_BODY = YES;
				CLANG_WARN_ENUM_CONVERSION = YES;
				CLANG_WARN_INFINITE_RECURSION = YES;
				CLANG_WARN_INT_CONVERSION = YES;
				CLANG_WARN_NON_LITERAL_NULL_CONVERSION = YES;
				CLANG_WARN_OBJC_IMPLICIT_RETAIN_SELF = YES;
				CLANG_WARN_OBJC_LITERAL_CONVERSION = YES;
				CLANG_WARN_OBJC_ROOT_CLASS = YES_ERROR;
				CLANG_WARN_QUOTED_INCLUDE_IN_FRAMEWORK_HEADER = YES;
				CLANG_WARN_RANGE_LOOP_ANALYSIS = YES;
				CLANG_WARN_STRICT_PROTOTYPES = YES;
				CLANG_WARN_SUSPICIOUS_MOVE = YES;
				CLANG_WARN_UNGUARDED_AVAILABILITY = YES_AGGRESSIVE;
				CLANG_WARN_UNREACHABLE_CODE = YES;
				CLANG_WARN__DUPLICATE_METHOD_MATCH = YES;
				COPY_PHASE_STRIP = NO;
				DEBUG_INFORMATION_FORMAT = dwarf;
				ENABLE_STRICT_OBJC_MSGSEND = YES;
				ENABLE_TESTABILITY = YES;
				ENABLE_USER_SCRIPT_SANDBOXING = YES;
				GCC_C_LANGUAGE_STANDARD = gnu17;
				GCC_DYNAMIC_NO_PIC = NO;
				GCC_NO_COMMON_BLOCKS = YES;
				GCC_OPTIMIZATION_LEVEL = 0;
				GCC_PREPROCESSOR_DEFINITIONS = (
					"DEBUG=1",
					"$(inherited)",
				);
				GCC_WARN_64_TO_32_BIT_CONVERSION = YES;
				GCC_WARN_ABOUT_RETURN_TYPE = YES_ERROR;
				GCC_WARN_UNDECLARED_SELECTOR = YES;
				GCC_WARN_UNINITIALIZED_AUTOS = YES_AGGRESSIVE;
				GCC_WARN_UNUSED_FUNCTION = YES;
				GCC_WARN_UNUSED_VARIABLE = YES;
				LOCALIZATION_PREFERS_STRING_CATALOGS = YES;
				MACOSX_DEPLOYMENT_TARGET = 14.1;
				MTL_ENABLE_DEBUG_INFO = INCLUDE_SOURCE;
				MTL_FAST_MATH = YES;
				ONLY_ACTIVE_ARCH = YES;
				SDKROOT = macosx;
				SWIFT_ACTIVE_COMPILATION_CONDITIONS = "DEBUG $(inherited)";
				SWIFT_OPTIMIZATION_LEVEL = "-Onone";
			};
			name = Debug;
		};
		956939732C14081A005A95DA /* Release */ = {
			isa = XCBuildConfiguration;
			buildSettings = {
				ALWAYS_SEARCH_USER_PATHS = NO;
				ASSETCATALOG_COMPILER_GENERATE_SWIFT_ASSET_SYMBOL_EXTENSIONS = YES;
				CLANG_ANALYZER_NONNULL = YES;
				CLANG_ANALYZER_NUMBER_OBJECT_CONVERSION = YES_AGGRESSIVE;
				CLANG_CXX_LANGUAGE_STANDARD = "gnu++20";
				CLANG_ENABLE_MODULES = YES;
				CLANG_ENABLE_OBJC_ARC = YES;
				CLANG_ENABLE_OBJC_WEAK = YES;
				CLANG_WARN_BLOCK_CAPTURE_AUTORELEASING = YES;
				CLANG_WARN_BOOL_CONVERSION = YES;
				CLANG_WARN_COMMA = YES;
				CLANG_WARN_CONSTANT_CONVERSION = YES;
				CLANG_WARN_DEPRECATED_OBJC_IMPLEMENTATIONS = YES;
				CLANG_WARN_DIRECT_OBJC_ISA_USAGE = YES_ERROR;
				CLANG_WARN_DOCUMENTATION_COMMENTS = YES;
				CLANG_WARN_EMPTY_BODY = YES;
				CLANG_WARN_ENUM_CONVERSION = YES;
				CLANG_WARN_INFINITE_RECURSION = YES;
				CLANG_WARN_INT_CONVERSION = YES;
				CLANG_WARN_NON_LITERAL_NULL_CONVERSION = YES;
				CLANG_WARN_OBJC_IMPLICIT_RETAIN_SELF = YES;
				CLANG_WARN_OBJC_LITERAL_CONVERSION = YES;
				CLANG_WARN_OBJC_ROOT_CLASS = YES_ERROR;
				CLANG_WARN_QUOTED_INCLUDE_IN_FRAMEWORK_HEADER = YES;
				CLANG_WARN_RANGE_LOOP_ANALYSIS = YES;
				CLANG_WARN_STRICT_PROTOTYPES = YES;
				CLANG_WARN_SUSPICIOUS_MOVE = YES;
				CLANG_WARN_UNGUARDED_AVAILABILITY = YES_AGGRESSIVE;
				CLANG_WARN_UNREACHABLE_CODE = YES;
				CLANG_WARN__DUPLICATE_METHOD_MATCH = YES;
				COPY_PHASE_STRIP = NO;
				DEBUG_INFORMATION_FORMAT = "dwarf-with-dsym";
				ENABLE_NS_ASSERTIONS = NO;
				ENABLE_STRICT_OBJC_MSGSEND = YES;
				ENABLE_USER_SCRIPT_SANDBOXING = YES;
				GCC_C_LANGUAGE_STANDARD = gnu17;
				GCC_NO_COMMON_BLOCKS = YES;
				GCC_WARN_64_TO_32_BIT_CONVERSION = YES;
				GCC_WARN_ABOUT_RETURN_TYPE = YES_ERROR;
				GCC_WARN_UNDECLARED_SELECTOR = YES;
				GCC_WARN_UNINITIALIZED_AUTOS = YES_AGGRESSIVE;
				GCC_WARN_UNUSED_FUNCTION = YES;
				GCC_WARN_UNUSED_VARIABLE = YES;
				LOCALIZATION_PREFERS_STRING_CATALOGS = YES;
				MACOSX_DEPLOYMENT_TARGET = 14.1;
				MTL_ENABLE_DEBUG_INFO = NO;
				MTL_FAST_MATH = YES;
				SDKROOT = macosx;
				SWIFT_COMPILATION_MODE = wholemodule;
			};
			name = Release;
		};
		956939752C14081A005A95DA /* Debug */ = {
			isa = XCBuildConfiguration;
			buildSettings = {
				ASSETCATALOG_COMPILER_APPICON_NAME = AppIcon;
				ASSETCATALOG_COMPILER_GLOBAL_ACCENT_COLOR_NAME = AccentColor;
				CODE_SIGN_ENTITLEMENTS = RemoteRequestApp/RemoteRequestApp.entitlements;
				CODE_SIGN_STYLE = Automatic;
				COMBINE_HIDPI_IMAGES = YES;
				CURRENT_PROJECT_VERSION = 1;
				DEVELOPMENT_ASSET_PATHS = "\"RemoteRequestApp/Preview Content\"";
				DEVELOPMENT_TEAM = CVFSZXK7VF;
				ENABLE_HARDENED_RUNTIME = YES;
				ENABLE_PREVIEWS = YES;
				GENERATE_INFOPLIST_FILE = YES;
				INFOPLIST_KEY_NSHumanReadableCopyright = "";
				LD_RUNPATH_SEARCH_PATHS = (
					"$(inherited)",
					"@executable_path/../Frameworks",
				);
				MARKETING_VERSION = 1.0;
				PRODUCT_BUNDLE_IDENTIFIER = com.moslienko.RemoteRequestApp;
				PRODUCT_NAME = "$(TARGET_NAME)";
				SWIFT_EMIT_LOC_STRINGS = YES;
				SWIFT_VERSION = 5.0;
			};
			name = Debug;
		};
		956939762C14081A005A95DA /* Release */ = {
			isa = XCBuildConfiguration;
			buildSettings = {
				ASSETCATALOG_COMPILER_APPICON_NAME = AppIcon;
				ASSETCATALOG_COMPILER_GLOBAL_ACCENT_COLOR_NAME = AccentColor;
				CODE_SIGN_ENTITLEMENTS = RemoteRequestApp/RemoteRequestApp.entitlements;
				CODE_SIGN_STYLE = Automatic;
				COMBINE_HIDPI_IMAGES = YES;
				CURRENT_PROJECT_VERSION = 1;
				DEVELOPMENT_ASSET_PATHS = "\"RemoteRequestApp/Preview Content\"";
				DEVELOPMENT_TEAM = CVFSZXK7VF;
				ENABLE_HARDENED_RUNTIME = YES;
				ENABLE_PREVIEWS = YES;
				GENERATE_INFOPLIST_FILE = YES;
				INFOPLIST_KEY_NSHumanReadableCopyright = "";
				LD_RUNPATH_SEARCH_PATHS = (
					"$(inherited)",
					"@executable_path/../Frameworks",
				);
				MARKETING_VERSION = 1.0;
				PRODUCT_BUNDLE_IDENTIFIER = com.moslienko.RemoteRequestApp;
				PRODUCT_NAME = "$(TARGET_NAME)";
				SWIFT_EMIT_LOC_STRINGS = YES;
				SWIFT_VERSION = 5.0;
			};
			name = Release;
		};
/* End XCBuildConfiguration section */

/* Begin XCConfigurationList section */
		956939602C140818005A95DA /* Build configuration list for PBXProject "RemoteRequestApp" */ = {
			isa = XCConfigurationList;
			buildConfigurations = (
				956939722C14081A005A95DA /* Debug */,
				956939732C14081A005A95DA /* Release */,
			);
			defaultConfigurationIsVisible = 0;
			defaultConfigurationName = Release;
		};
		956939742C14081A005A95DA /* Build configuration list for PBXNativeTarget "RemoteRequestApp" */ = {
			isa = XCConfigurationList;
			buildConfigurations = (
				956939752C14081A005A95DA /* Debug */,
				956939762C14081A005A95DA /* Release */,
			);
			defaultConfigurationIsVisible = 0;
			defaultConfigurationName = Release;
		};
/* End XCConfigurationList section */
	};
	rootObject = 9569395D2C140818005A95DA /* Project object */;
}
